
Microsoft Visual Studio Solution File, Format Version 12.00
# Visual Studio Version 16
VisualStudioVersion = 16.0.29613.14
MinimumVisualStudioVersion = 10.0.40219.1
Project("{9A19103F-16F7-4668-BE54-9A1E7A4F7556}") = "WeatherApp", "WeatherApp\WeatherApp.csproj", "{B6804EDF-1422-4C79-999E-AAE5E9DDC807}"
EndProject
Project("{9A19103F-16F7-4668-BE54-9A1E7A4F7556}") = "WeatherApp.Application", "WeatherApp.Application\WeatherApp.Application.csproj", "{1EBA62CC-F8F1-48AC-A6F6-3D1AFC33C824}"
EndProject
Project("{9A19103F-16F7-4668-BE54-9A1E7A4F7556}") = "WeatherApp.Infrastructure", "WeatherApp.Infrastructure\WeatherApp.Infrastructure.csproj", "{327F9122-D506-4E18-90BD-DB26A68C362C}"
EndProject
Project("{9A19103F-16F7-4668-BE54-9A1E7A4F7556}") = "WeatherApp.Common", "WeatherApp.Common\WeatherApp.Common.csproj", "{6D1F0849-4FAE-4F27-8E15-FE1945DD4002}"
EndProject
Project("{9A19103F-16F7-4668-BE54-9A1E7A4F7556}") = "WeatherApp.Persistance", "WeatherApp.Persistance\WeatherApp.Persistance.csproj", "{44F3861B-2613-429D-A7E5-4792AADE5E6F}"
EndProject
Global
	GlobalSection(SolutionConfigurationPlatforms) = preSolution
		Debug|Any CPU = Debug|Any CPU
		Release|Any CPU = Release|Any CPU
	EndGlobalSection
	GlobalSection(ProjectConfigurationPlatforms) = postSolution
		{B6804EDF-1422-4C79-999E-AAE5E9DDC807}.Debug|Any CPU.ActiveCfg = Debug|Any CPU
		{B6804EDF-1422-4C79-999E-AAE5E9DDC807}.Debug|Any CPU.Build.0 = Debug|Any CPU
		{B6804EDF-1422-4C79-999E-AAE5E9DDC807}.Release|Any CPU.ActiveCfg = Release|Any CPU
		{B6804EDF-1422-4C79-999E-AAE5E9DDC807}.Release|Any CPU.Build.0 = Release|Any CPU
		{1EBA62CC-F8F1-48AC-A6F6-3D1AFC33C824}.Debug|Any CPU.ActiveCfg = Debug|Any CPU
		{1EBA62CC-F8F1-48AC-A6F6-3D1AFC33C824}.Debug|Any CPU.Build.0 = Debug|Any CPU
		{1EBA62CC-F8F1-48AC-A6F6-3D1AFC33C824}.Release|Any CPU.ActiveCfg = Release|Any CPU
		{1EBA62CC-F8F1-48AC-A6F6-3D1AFC33C824}.Release|Any CPU.Build.0 = Release|Any CPU
		{327F9122-D506-4E18-90BD-DB26A68C362C}.Debug|Any CPU.ActiveCfg = Debug|Any CPU
		{327F9122-D506-4E18-90BD-DB26A68C362C}.Debug|Any CPU.Build.0 = Debug|Any CPU
		{327F9122-D506-4E18-90BD-DB26A68C362C}.Release|Any CPU.ActiveCfg = Release|Any CPU
		{327F9122-D506-4E18-90BD-DB26A68C362C}.Release|Any CPU.Build.0 = Release|Any CPU
		{6D1F0849-4FAE-4F27-8E15-FE1945DD4002}.Debug|Any CPU.ActiveCfg = Debug|Any CPU
		{6D1F0849-4FAE-4F27-8E15-FE1945DD4002}.Debug|Any CPU.Build.0 = Debug|Any CPU
		{6D1F0849-4FAE-4F27-8E15-FE1945DD4002}.Release|Any CPU.ActiveCfg = Release|Any CPU
		{6D1F0849-4FAE-4F27-8E15-FE1945DD4002}.Release|Any CPU.Build.0 = Release|Any CPU
		{44F3861B-2613-429D-A7E5-4792AADE5E6F}.Debug|Any CPU.ActiveCfg = Debug|Any CPU
		{44F3861B-2613-429D-A7E5-4792AADE5E6F}.Debug|Any CPU.Build.0 = Debug|Any CPU
		{44F3861B-2613-429D-A7E5-4792AADE5E6F}.Release|Any CPU.ActiveCfg = Release|Any CPU
		{44F3861B-2613-429D-A7E5-4792AADE5E6F}.Release|Any CPU.Build.0 = Release|Any CPU
	EndGlobalSection
	GlobalSection(SolutionProperties) = preSolution
		HideSolutionNode = FALSE
	EndGlobalSection
	GlobalSection(ExtensibilityGlobals) = postSolution
		SolutionGuid = {A564D8E4-7D9F-42D5-9E07-E5C548E1C37D}
	EndGlobalSection
EndGlobal
